
Microsoft Visual Studio Solution File, Format Version 12.00
# Visual Studio 15
VisualStudioVersion = 15.0.27428.2011
MinimumVisualStudioVersion = 10.0.40219.1
Project("{FAE04EC0-301F-11D3-BF4B-00C04F79EFBC}") = "Registreerimissüsteem", "Registreerimissüsteem\Registreerimissüsteem.csproj", "{B02DBF2C-FF10-41EA-B4DC-2AEA40427547}"
EndProject
Global
	GlobalSection(SolutionConfigurationPlatforms) = preSolution
		Debug|Any CPU = Debug|Any CPU
		Release|Any CPU = Release|Any CPU
	EndGlobalSection
	GlobalSection(ProjectConfigurationPlatforms) = postSolution
		{B02DBF2C-FF10-41EA-B4DC-2AEA40427547}.Debug|Any CPU.ActiveCfg = Debug|Any CPU
		{B02DBF2C-FF10-41EA-B4DC-2AEA40427547}.Debug|Any CPU.Build.0 = Debug|Any CPU
		{B02DBF2C-FF10-41EA-B4DC-2AEA40427547}.Release|Any CPU.ActiveCfg = Release|Any CPU
		{B02DBF2C-FF10-41EA-B4DC-2AEA40427547}.Release|Any CPU.Build.0 = Release|Any CPU
	EndGlobalSection
	GlobalSection(SolutionProperties) = preSolution
		HideSolutionNode = FALSE
	EndGlobalSection
	GlobalSection(ExtensibilityGlobals) = postSolution
		SolutionGuid = {FB74B7BD-745B-457A-9C83-C376B102D817}
	EndGlobalSection
EndGlobal
